
Microsoft Visual Studio Solution File, Format Version 12.00
# Visual Studio Version 16
VisualStudioVersion = 16.0.30907.101
MinimumVisualStudioVersion = 10.0.40219.1
Project("{FAE04EC0-301F-11D3-BF4B-00C04F79EFBC}") = "ConsoleApp1", "ConsoleApp1\ConsoleApp1.csproj", "{E48F28C5-C2D6-4247-AB3E-E6378363189A}"
EndProject
Global
	GlobalSection(SolutionConfigurationPlatforms) = preSolution
		Debug|Any CPU = Debug|Any CPU
		Release|Any CPU = Release|Any CPU
	EndGlobalSection
	GlobalSection(ProjectConfigurationPlatforms) = postSolution
		{E48F28C5-C2D6-4247-AB3E-E6378363189A}.Debug|Any CPU.ActiveCfg = Debug|Any CPU
		{E48F28C5-C2D6-4247-AB3E-E6378363189A}.Debug|Any CPU.Build.0 = Debug|Any CPU
		{E48F28C5-C2D6-4247-AB3E-E6378363189A}.Release|Any CPU.ActiveCfg = Release|Any CPU
		{E48F28C5-C2D6-4247-AB3E-E6378363189A}.Release|Any CPU.Build.0 = Release|Any CPU
	EndGlobalSection
	GlobalSection(SolutionProperties) = preSolution
		HideSolutionNode = FALSE
	EndGlobalSection
	GlobalSection(ExtensibilityGlobals) = postSolution
		SolutionGuid = {61F19F8B-3864-4BF9-8E75-0827C2BDBCDA}
	EndGlobalSection
EndGlobal
