
Microsoft Visual Studio Solution File, Format Version 12.00
# Visual Studio Version 16
VisualStudioVersion = 16.0.30804.86
MinimumVisualStudioVersion = 10.0.40219.1
Project("{FAE04EC0-301F-11D3-BF4B-00C04F79EFBC}") = "StartingProject1", "StartingProject1\StartingProject1.csproj", "{0B9F3E95-71FC-496E-9371-07B3BF467B2F}"
EndProject
Global
	GlobalSection(SolutionConfigurationPlatforms) = preSolution
		Debug|Any CPU = Debug|Any CPU
		Release|Any CPU = Release|Any CPU
	EndGlobalSection
	GlobalSection(ProjectConfigurationPlatforms) = postSolution
		{0B9F3E95-71FC-496E-9371-07B3BF467B2F}.Debug|Any CPU.ActiveCfg = Debug|Any CPU
		{0B9F3E95-71FC-496E-9371-07B3BF467B2F}.Debug|Any CPU.Build.0 = Debug|Any CPU
		{0B9F3E95-71FC-496E-9371-07B3BF467B2F}.Release|Any CPU.ActiveCfg = Release|Any CPU
		{0B9F3E95-71FC-496E-9371-07B3BF467B2F}.Release|Any CPU.Build.0 = Release|Any CPU
	EndGlobalSection
	GlobalSection(SolutionProperties) = preSolution
		HideSolutionNode = FALSE
	EndGlobalSection
	GlobalSection(ExtensibilityGlobals) = postSolution
		SolutionGuid = {17098117-4A86-4430-9308-C9ABAF216D93}
	EndGlobalSection
EndGlobal
