
Microsoft Visual Studio Solution File, Format Version 12.00
# Visual Studio Version 16
VisualStudioVersion = 16.0.30804.86
MinimumVisualStudioVersion = 10.0.40219.1
Project("{FAE04EC0-301F-11D3-BF4B-00C04F79EFBC}") = "GettingUserInput", "GettingUserInput\GettingUserInput.csproj", "{402E6C63-5835-4481-BAD8-50E44BE88EE1}"
EndProject
Global
	GlobalSection(SolutionConfigurationPlatforms) = preSolution
		Debug|Any CPU = Debug|Any CPU
		Release|Any CPU = Release|Any CPU
	EndGlobalSection
	GlobalSection(ProjectConfigurationPlatforms) = postSolution
		{402E6C63-5835-4481-BAD8-50E44BE88EE1}.Debug|Any CPU.ActiveCfg = Debug|Any CPU
		{402E6C63-5835-4481-BAD8-50E44BE88EE1}.Debug|Any CPU.Build.0 = Debug|Any CPU
		{402E6C63-5835-4481-BAD8-50E44BE88EE1}.Release|Any CPU.ActiveCfg = Release|Any CPU
		{402E6C63-5835-4481-BAD8-50E44BE88EE1}.Release|Any CPU.Build.0 = Release|Any CPU
	EndGlobalSection
	GlobalSection(SolutionProperties) = preSolution
		HideSolutionNode = FALSE
	EndGlobalSection
	GlobalSection(ExtensibilityGlobals) = postSolution
		SolutionGuid = {CDA85CCE-7DA2-4431-91A7-40E542E40D55}
	EndGlobalSection
EndGlobal
