
Microsoft Visual Studio Solution File, Format Version 12.00
# Visual Studio Version 16
VisualStudioVersion = 16.0.30907.101
MinimumVisualStudioVersion = 10.0.40219.1
Project("{FAE04EC0-301F-11D3-BF4B-00C04F79EFBC}") = "SwitchStatements", "SwitchStatements\SwitchStatements.csproj", "{E90A6155-960B-446A-9590-1D71518E2892}"
EndProject
Global
	GlobalSection(SolutionConfigurationPlatforms) = preSolution
		Debug|Any CPU = Debug|Any CPU
		Release|Any CPU = Release|Any CPU
	EndGlobalSection
	GlobalSection(ProjectConfigurationPlatforms) = postSolution
		{E90A6155-960B-446A-9590-1D71518E2892}.Debug|Any CPU.ActiveCfg = Debug|Any CPU
		{E90A6155-960B-446A-9590-1D71518E2892}.Debug|Any CPU.Build.0 = Debug|Any CPU
		{E90A6155-960B-446A-9590-1D71518E2892}.Release|Any CPU.ActiveCfg = Release|Any CPU
		{E90A6155-960B-446A-9590-1D71518E2892}.Release|Any CPU.Build.0 = Release|Any CPU
	EndGlobalSection
	GlobalSection(SolutionProperties) = preSolution
		HideSolutionNode = FALSE
	EndGlobalSection
	GlobalSection(ExtensibilityGlobals) = postSolution
		SolutionGuid = {41E82884-A222-4535-AC18-5D6F6AC35877}
	EndGlobalSection
EndGlobal
