
Microsoft Visual Studio Solution File, Format Version 12.00
# Visual Studio Version 16
VisualStudioVersion = 16.0.30907.101
MinimumVisualStudioVersion = 10.0.40219.1
Project("{FAE04EC0-301F-11D3-BF4B-00C04F79EFBC}") = "BuildingABetterCalculator", "BuildingABetterCalculator\BuildingABetterCalculator.csproj", "{276DBB78-D83E-4CB9-843C-BD00E55F29C4}"
EndProject
Global
	GlobalSection(SolutionConfigurationPlatforms) = preSolution
		Debug|Any CPU = Debug|Any CPU
		Release|Any CPU = Release|Any CPU
	EndGlobalSection
	GlobalSection(ProjectConfigurationPlatforms) = postSolution
		{276DBB78-D83E-4CB9-843C-BD00E55F29C4}.Debug|Any CPU.ActiveCfg = Debug|Any CPU
		{276DBB78-D83E-4CB9-843C-BD00E55F29C4}.Debug|Any CPU.Build.0 = Debug|Any CPU
		{276DBB78-D83E-4CB9-843C-BD00E55F29C4}.Release|Any CPU.ActiveCfg = Release|Any CPU
		{276DBB78-D83E-4CB9-843C-BD00E55F29C4}.Release|Any CPU.Build.0 = Release|Any CPU
	EndGlobalSection
	GlobalSection(SolutionProperties) = preSolution
		HideSolutionNode = FALSE
	EndGlobalSection
	GlobalSection(ExtensibilityGlobals) = postSolution
		SolutionGuid = {77B871CD-B451-4042-9B49-E7FAF3D96678}
	EndGlobalSection
EndGlobal
